
Microsoft Visual Studio Solution File, Format Version 12.00
# Visual Studio Version 16
VisualStudioVersion = 16.0.32228.343
MinimumVisualStudioVersion = 10.0.40219.1
Project("{FAE04EC0-301F-11D3-BF4B-00C04F79EFBC}") = "CutomerEvents", "CutomerEvents\CutomerEvents.csproj", "{E8C0B23A-E534-4D06-A077-F42BD40D70CA}"
EndProject
Global
	GlobalSection(SolutionConfigurationPlatforms) = preSolution
		Debug|Any CPU = Debug|Any CPU
		Release|Any CPU = Release|Any CPU
	EndGlobalSection
	GlobalSection(ProjectConfigurationPlatforms) = postSolution
		{E8C0B23A-E534-4D06-A077-F42BD40D70CA}.Debug|Any CPU.ActiveCfg = Debug|Any CPU
		{E8C0B23A-E534-4D06-A077-F42BD40D70CA}.Debug|Any CPU.Build.0 = Debug|Any CPU
		{E8C0B23A-E534-4D06-A077-F42BD40D70CA}.Release|Any CPU.ActiveCfg = Release|Any CPU
		{E8C0B23A-E534-4D06-A077-F42BD40D70CA}.Release|Any CPU.Build.0 = Release|Any CPU
	EndGlobalSection
	GlobalSection(SolutionProperties) = preSolution
		HideSolutionNode = FALSE
	EndGlobalSection
	GlobalSection(ExtensibilityGlobals) = postSolution
		SolutionGuid = {06AD7C71-777E-49B7-B196-9A45CEA6D7B5}
	EndGlobalSection
EndGlobal
